
Microsoft Visual Studio Solution File, Format Version 12.00
# Visual Studio 15
VisualStudioVersion = 15.0.27130.2010
MinimumVisualStudioVersion = 10.0.40219.1
Project("{FAE04EC0-301F-11D3-BF4B-00C04F79EFBC}") = "CustomerCare", "CustomerCare\CustomerCare.csproj", "{B3A2175D-19A9-40ED-9559-0F3CDB0FC4DF}"
EndProject
Project("{FAE04EC0-301F-11D3-BF4B-00C04F79EFBC}") = "CustomerCare.Tests", "CustomerCare.Tests\CustomerCare.Tests.csproj", "{5390B753-81B3-4AF2-B182-51122E81EA42}"
EndProject
Global
	GlobalSection(SolutionConfigurationPlatforms) = preSolution
		Debug|Any CPU = Debug|Any CPU
		Release|Any CPU = Release|Any CPU
	EndGlobalSection
	GlobalSection(ProjectConfigurationPlatforms) = postSolution
		{B3A2175D-19A9-40ED-9559-0F3CDB0FC4DF}.Debug|Any CPU.ActiveCfg = Debug|Any CPU
		{B3A2175D-19A9-40ED-9559-0F3CDB0FC4DF}.Debug|Any CPU.Build.0 = Debug|Any CPU
		{B3A2175D-19A9-40ED-9559-0F3CDB0FC4DF}.Release|Any CPU.ActiveCfg = Release|Any CPU
		{B3A2175D-19A9-40ED-9559-0F3CDB0FC4DF}.Release|Any CPU.Build.0 = Release|Any CPU
		{5390B753-81B3-4AF2-B182-51122E81EA42}.Debug|Any CPU.ActiveCfg = Debug|Any CPU
		{5390B753-81B3-4AF2-B182-51122E81EA42}.Debug|Any CPU.Build.0 = Debug|Any CPU
		{5390B753-81B3-4AF2-B182-51122E81EA42}.Release|Any CPU.ActiveCfg = Release|Any CPU
		{5390B753-81B3-4AF2-B182-51122E81EA42}.Release|Any CPU.Build.0 = Release|Any CPU
	EndGlobalSection
	GlobalSection(SolutionProperties) = preSolution
		HideSolutionNode = FALSE
	EndGlobalSection
	GlobalSection(ExtensibilityGlobals) = postSolution
		SolutionGuid = {5957516B-C116-4A88-AAA8-7428A6F64C3E}
	EndGlobalSection
EndGlobal
